
Microsoft Visual Studio Solution File, Format Version 12.00
# Visual Studio 15
VisualStudioVersion = 15.0.27130.2026
MinimumVisualStudioVersion = 10.0.40219.1
Project("{FAE04EC0-301F-11D3-BF4B-00C04F79EFBC}") = "RenombrarArchivos", "RenombrarArchivos\RenombrarArchivos.csproj", "{771599A3-D912-4DC6-8378-3AA139555164}"
EndProject
Global
	GlobalSection(SolutionConfigurationPlatforms) = preSolution
		Debug|Any CPU = Debug|Any CPU
		Release|Any CPU = Release|Any CPU
	EndGlobalSection
	GlobalSection(ProjectConfigurationPlatforms) = postSolution
		{771599A3-D912-4DC6-8378-3AA139555164}.Debug|Any CPU.ActiveCfg = Debug|Any CPU
		{771599A3-D912-4DC6-8378-3AA139555164}.Debug|Any CPU.Build.0 = Debug|Any CPU
		{771599A3-D912-4DC6-8378-3AA139555164}.Release|Any CPU.ActiveCfg = Release|Any CPU
		{771599A3-D912-4DC6-8378-3AA139555164}.Release|Any CPU.Build.0 = Release|Any CPU
	EndGlobalSection
	GlobalSection(SolutionProperties) = preSolution
		HideSolutionNode = FALSE
	EndGlobalSection
	GlobalSection(ExtensibilityGlobals) = postSolution
		SolutionGuid = {1F2A71D9-6957-4F11-A86B-20A817802351}
	EndGlobalSection
EndGlobal
